// !$*UTF8*$!
{
	archiveVersion = 1;
	classes = {
	};
	objectVersion = 46;
	objects = {

/* Begin PBXBuildFile section */
		2C568B7D1F4A777C0073C344 /* main.m in Sources */ = {isa = PBXBuildFile; fileRef = 2C568B7C1F4A777C0073C344 /* main.m */; };
		2C568B801F4A777C0073C344 /* AppDelegate.m in Sources */ = {isa = PBXBuildFile; fileRef = 2C568B7F1F4A777C0073C344 /* AppDelegate.m */; };
		2C568B831F4A777C0073C344 /* ViewController.m in Sources */ = {isa = PBXBuildFile; fileRef = 2C568B821F4A777C0073C344 /* ViewController.m */; };
		2C568B861F4A777C0073C344 /* Main.storyboard in Resources */ = {isa = PBXBuildFile; fileRef = 2C568B841F4A777C0073C344 /* Main.storyboard */; };
		2C568B881F4A777C0073C344 /* Assets.xcassets in Resources */ = {isa = PBXBuildFile; fileRef = 2C568B871F4A777C0073C344 /* Assets.xcassets */; };
		2C568B8B1F4A777C0073C344 /* LaunchScreen.storyboard in Resources */ = {isa = PBXBuildFile; fileRef = 2C568B891F4A777C0073C344 /* LaunchScreen.storyboard */; };
		2C568B961F4A777D0073C344 /* RuntimeTests.m in Sources */ = {isa = PBXBuildFile; fileRef = 2C568B951F4A777D0073C344 /* RuntimeTests.m */; };
		2C568BA11F4A777D0073C344 /* RuntimeUITests.m in Sources */ = {isa = PBXBuildFile; fileRef = 2C568BA01F4A777D0073C344 /* RuntimeUITests.m */; };
		2C568BB01F4A77FB0073C344 /* Person.m in Sources */ = {isa = PBXBuildFile; fileRef = 2C568BAF1F4A77FB0073C344 /* Person.m */; };
		2C568BB31F4A8DDB0073C344 /* Student.m in Sources */ = {isa = PBXBuildFile; fileRef = 2C568BB21F4A8DDB0073C344 /* Student.m */; };
/* End PBXBuildFile section */

/* Begin PBXContainerItemProxy section */
		2C568B921F4A777D0073C344 /* PBXContainerItemProxy */ = {
			isa = PBXContainerItemProxy;
			containerPortal = 2C568B701F4A777C0073C344 /* Project object */;
			proxyType = 1;
			remoteGlobalIDString = 2C568B771F4A777C0073C344;
			remoteInfo = Runtime;
		};
		2C568B9D1F4A777D0073C344 /* PBXContainerItemProxy */ = {
			isa = PBXContainerItemProxy;
			containerPortal = 2C568B701F4A777C0073C344 /* Project object */;
			proxyType = 1;
			remoteGlobalIDString = 2C568B771F4A777C0073C344;
			remoteInfo = Runtime;
		};
/* End PBXContainerItemProxy section */

/* Begin PBXFileReference section */
		2C568B781F4A777C0073C344 /* Runtime.app */ = {isa = PBXFileReference; explicitFileType = wrapper.application; includeInIndex = 0; path = Runtime.app; sourceTree = BUILT_PRODUCTS_DIR; };
		2C568B7C1F4A777C0073C344 /* main.m */ = {isa = PBXFileReference; lastKnownFileType = sourcecode.c.objc; path = main.m; sourceTree = "<group>"; };
		2C568B7E1F4A777C0073C344 /* AppDelegate.h */ = {isa = PBXFileReference; lastKnownFileType = sourcecode.c.h; path = AppDelegate.h; sourceTree = "<group>"; };
		2C568B7F1F4A777C0073C344 /* AppDelegate.m */ = {isa = PBXFileReference; lastKnownFileType = sourcecode.c.objc; path = AppDelegate.m; sourceTree = "<group>"; };
		2C568B811F4A777C0073C344 /* ViewController.h */ = {isa = PBXFileReference; lastKnownFileType = sourcecode.c.h; path = ViewController.h; sourceTree = "<group>"; };
		2C568B821F4A777C0073C344 /* ViewController.m */ = {isa = PBXFileReference; lastKnownFileType = sourcecode.c.objc; path = ViewController.m; sourceTree = "<group>"; };
		2C568B851F4A777C0073C344 /* Base */ = {isa = PBXFileReference; lastKnownFileType = file.storyboard; name = Base; path = Base.lproj/Main.storyboard; sourceTree = "<group>"; };
		2C568B871F4A777C0073C344 /* Assets.xcassets */ = {isa = PBXFileReference; lastKnownFileType = folder.assetcatalog; path = Assets.xcassets; sourceTree = "<group>"; };
		2C568B8A1F4A777C0073C344 /* Base */ = {isa = PBXFileReference; lastKnownFileType = file.storyboard; name = Base; path = Base.lproj/LaunchScreen.storyboard; sourceTree = "<group>"; };
		2C568B8C1F4A777C0073C344 /* Info.plist */ = {isa = PBXFileReference; lastKnownFileType = text.plist.xml; path = Info.plist; sourceTree = "<group>"; };
		2C568B911F4A777D0073C344 /* RuntimeTests.xctest */ = {isa = PBXFileReference; explicitFileType = wrapper.cfbundle; includeInIndex = 0; path = RuntimeTests.xctest; sourceTree = BUILT_PRODUCTS_DIR; };
		2C568B951F4A777D0073C344 /* RuntimeTests.m */ = {isa = PBXFileReference; lastKnownFileType = sourcecode.c.objc; path = RuntimeTests.m; sourceTree = "<group>"; };
		2C568B971F4A777D0073C344 /* Info.plist */ = {isa = PBXFileReference; lastKnownFileType = text.plist.xml; path = Info.plist; sourceTree = "<group>"; };
		2C568B9C1F4A777D0073C344 /* RuntimeUITests.xctest */ = {isa = PBXFileReference; explicitFileType = wrapper.cfbundle; includeInIndex = 0; path = RuntimeUITests.xctest; sourceTree = BUILT_PRODUCTS_DIR; };
		2C568BA01F4A777D0073C344 /* RuntimeUITests.m */ = {isa = PBXFileReference; lastKnownFileType = sourcecode.c.objc; path = RuntimeUITests.m; sourceTree = "<group>"; };
		2C568BA21F4A777D0073C344 /* Info.plist */ = {isa = PBXFileReference; lastKnownFileType = text.plist.xml; path = Info.plist; sourceTree = "<group>"; };
		2C568BAE1F4A77FB0073C344 /* Person.h */ = {isa = PBXFileReference; fileEncoding = 4; lastKnownFileType = sourcecode.c.h; path = Person.h; sourceTree = "<group>"; };
		2C568BAF1F4A77FB0073C344 /* Person.m */ = {isa = PBXFileReference; fileEncoding = 4; lastKnownFileType = sourcecode.c.objc; path = Person.m; sourceTree = "<group>"; };
		2C568BB11F4A8DDB0073C344 /* Student.h */ = {isa = PBXFileReference; fileEncoding = 4; lastKnownFileType = sourcecode.c.h; path = Student.h; sourceTree = "<group>"; };
		2C568BB21F4A8DDB0073C344 /* Student.m */ = {isa = PBXFileReference; fileEncoding = 4; lastKnownFileType = sourcecode.c.objc; path = Student.m; sourceTree = "<group>"; };
/* End PBXFileReference section */

/* Begin PBXFrameworksBuildPhase section */
		2C568B751F4A777C0073C344 /* Frameworks */ = {
			isa = PBXFrameworksBuildPhase;
			buildActionMask = 2147483647;
			files = (
			);
			runOnlyForDeploymentPostprocessing = 0;
		};
		2C568B8E1F4A777D0073C344 /* Frameworks */ = {
			isa = PBXFrameworksBuildPhase;
			buildActionMask = 2147483647;
			files = (
			);
			runOnlyForDeploymentPostprocessing = 0;
		};
		2C568B991F4A777D0073C344 /* Frameworks */ = {
			isa = PBXFrameworksBuildPhase;
			buildActionMask = 2147483647;
			files = (
			);
			runOnlyForDeploymentPostprocessing = 0;
		};
/* End PBXFrameworksBuildPhase section */

/* Begin PBXGroup section */
		2C568B6F1F4A777C0073C344 = {
			isa = PBXGroup;
			children = (
				2C568B7A1F4A777C0073C344 /* Runtime */,
				2C568B941F4A777D0073C344 /* RuntimeTests */,
				2C568B9F1F4A777D0073C344 /* RuntimeUITests */,
				2C568B791F4A777C0073C344 /* Products */,
			);
			sourceTree = "<group>";
		};
		2C568B791F4A777C0073C344 /* Products */ = {
			isa = PBXGroup;
			children = (
				2C568B781F4A777C0073C344 /* Runtime.app */,
				2C568B911F4A777D0073C344 /* RuntimeTests.xctest */,
				2C568B9C1F4A777D0073C344 /* RuntimeUITests.xctest */,
			);
			name = Products;
			sourceTree = "<group>";
		};
		2C568B7A1F4A777C0073C344 /* Runtime */ = {
			isa = PBXGroup;
			children = (
				2C568B7E1F4A777C0073C344 /* AppDelegate.h */,
				2C568B7F1F4A777C0073C344 /* AppDelegate.m */,
				2C568B811F4A777C0073C344 /* ViewController.h */,
				2C568B821F4A777C0073C344 /* ViewController.m */,
				2C568BAE1F4A77FB0073C344 /* Person.h */,
				2C568BAF1F4A77FB0073C344 /* Person.m */,
				2C568BB11F4A8DDB0073C344 /* Student.h */,
				2C568BB21F4A8DDB0073C344 /* Student.m */,
				2C568B841F4A777C0073C344 /* Main.storyboard */,
				2C568B871F4A777C0073C344 /* Assets.xcassets */,
				2C568B891F4A777C0073C344 /* LaunchScreen.storyboard */,
				2C568B8C1F4A777C0073C344 /* Info.plist */,
				2C568B7B1F4A777C0073C344 /* Supporting Files */,
			);
			path = Runtime;
			sourceTree = "<group>";
		};
		2C568B7B1F4A777C0073C344 /* Supporting Files */ = {
			isa = PBXGroup;
			children = (
				2C568B7C1F4A777C0073C344 /* main.m */,
			);
			name = "Supporting Files";
			sourceTree = "<group>";
		};
		2C568B941F4A777D0073C344 /* RuntimeTests */ = {
			isa = PBXGroup;
			children = (
				2C568B951F4A777D0073C344 /* RuntimeTests.m */,
				2C568B971F4A777D0073C344 /* Info.plist */,
			);
			path = RuntimeTests;
			sourceTree = "<group>";
		};
		2C568B9F1F4A777D0073C344 /* RuntimeUITests */ = {
			isa = PBXGroup;
			children = (
				2C568BA01F4A777D0073C344 /* RuntimeUITests.m */,
				2C568BA21F4A777D0073C344 /* Info.plist */,
			);
			path = RuntimeUITests;
			sourceTree = "<group>";
		};
/* End PBXGroup section */

/* Begin PBXNativeTarget section */
		2C568B771F4A777C0073C344 /* Runtime */ = {
			isa = PBXNativeTarget;
			buildConfigurationList = 2C568BA51F4A777D0073C344 /* Build configuration list for PBXNativeTarget "Runtime" */;
			buildPhases = (
				2C568B741F4A777C0073C344 /* Sources */,
				2C568B751F4A777C0073C344 /* Frameworks */,
				2C568B761F4A777C0073C344 /* Resources */,
			);
			buildRules = (
			);
			dependencies = (
			);
			name = Runtime;
			productName = Runtime;
			productReference = 2C568B781F4A777C0073C344 /* Runtime.app */;
			productType = "com.apple.product-type.application";
		};
		2C568B901F4A777D0073C344 /* RuntimeTests */ = {
			isa = PBXNativeTarget;
			buildConfigurationList = 2C568BA81F4A777D0073C344 /* Build configuration list for PBXNativeTarget "RuntimeTests" */;
			buildPhases = (
				2C568B8D1F4A777D0073C344 /* Sources */,
				2C568B8E1F4A777D0073C344 /* Frameworks */,
				2C568B8F1F4A777D0073C344 /* Resources */,
			);
			buildRules = (
			);
			dependencies = (
				2C568B931F4A777D0073C344 /* PBXTargetDependency */,
			);
			name = RuntimeTests;
			productName = RuntimeTests;
			productReference = 2C568B911F4A777D0073C344 /* RuntimeTests.xctest */;
			productType = "com.apple.product-type.bundle.unit-test";
		};
		2C568B9B1F4A777D0073C344 /* RuntimeUITests */ = {
			isa = PBXNativeTarget;
			buildConfigurationList = 2C568BAB1F4A777D0073C344 /* Build configuration list for PBXNativeTarget "RuntimeUITests" */;
			buildPhases = (
				2C568B981F4A777D0073C344 /* Sources */,
				2C568B991F4A777D0073C344 /* Frameworks */,
				2C568B9A1F4A777D0073C344 /* Resources */,
			);
			buildRules = (
			);
			dependencies = (
				2C568B9E1F4A777D0073C344 /* PBXTargetDependency */,
			);
			name = RuntimeUITests;
			productName = RuntimeUITests;
			productReference = 2C568B9C1F4A777D0073C344 /* RuntimeUITests.xctest */;
			productType = "com.apple.product-type.bundle.ui-testing";
		};
/* End PBXNativeTarget section */

/* Begin PBXProject section */
		2C568B701F4A777C0073C344 /* Project object */ = {
			isa = PBXProject;
			attributes = {
				LastUpgradeCheck = 0820;
				ORGANIZATIONNAME = lyj;
				TargetAttributes = {
					2C568B771F4A777C0073C344 = {
						CreatedOnToolsVersion = 8.2.1;
						ProvisioningStyle = Automatic;
					};
					2C568B901F4A777D0073C344 = {
						CreatedOnToolsVersion = 8.2.1;
						ProvisioningStyle = Automatic;
						TestTargetID = 2C568B771F4A777C0073C344;
					};
					2C568B9B1F4A777D0073C344 = {
						CreatedOnToolsVersion = 8.2.1;
						ProvisioningStyle = Automatic;
						TestTargetID = 2C568B771F4A777C0073C344;
					};
				};
			};
			buildConfigurationList = 2C568B731F4A777C0073C344 /* Build configuration list for PBXProject "Runtime" */;
			compatibilityVersion = "Xcode 3.2";
			developmentRegion = English;
			hasScannedForEncodings = 0;
			knownRegions = (
				en,
				Base,
			);
			mainGroup = 2C568B6F1F4A777C0073C344;
			productRefGroup = 2C568B791F4A777C0073C344 /* Products */;
			projectDirPath = "";
			projectRoot = "";
			targets = (
				2C568B771F4A777C0073C344 /* Runtime */,
				2C568B901F4A777D0073C344 /* RuntimeTests */,
				2C568B9B1F4A777D0073C344 /* RuntimeUITests */,
			);
		};
/* End PBXProject section */

/* Begin PBXResourcesBuildPhase section */
		2C568B761F4A777C0073C344 /* Resources */ = {
			isa = PBXResourcesBuildPhase;
			buildActionMask = 2147483647;
			files = (
				2C568B8B1F4A777C0073C344 /* LaunchScreen.storyboard in Resources */,
				2C568B881F4A777C0073C344 /* Assets.xcassets in Resources */,
				2C568B861F4A777C0073C344 /* Main.storyboard in Resources */,
			);
			runOnlyForDeploymentPostprocessing = 0;
		};
		2C568B8F1F4A777D0073C344 /* Resources */ = {
			isa = PBXResourcesBuildPhase;
			buildActionMask = 2147483647;
			files = (
			);
			runOnlyForDeploymentPostprocessing = 0;
		};
		2C568B9A1F4A777D0073C344 /* Resources */ = {
			isa = PBXResourcesBuildPhase;
			buildActionMask = 2147483647;
			files = (
			);
			runOnlyForDeploymentPostprocessing = 0;
		};
/* End PBXResourcesBuildPhase section */

/* Begin PBXSourcesBuildPhase section */
		2C568B741F4A777C0073C344 /* Sources */ = {
			isa = PBXSourcesBuildPhase;
			buildActionMask = 2147483647;
			files = (
				2C568B831F4A777C0073C344 /* ViewController.m in Sources */,
				2C568B801F4A777C0073C344 /* AppDelegate.m in Sources */,
				2C568BB31F4A8DDB0073C344 /* Student.m in Sources */,
				2C568BB01F4A77FB0073C344 /* Person.m in Sources */,
				2C568B7D1F4A777C0073C344 /* main.m in Sources */,
			);
			runOnlyForDeploymentPostprocessing = 0;
		};
		2C568B8D1F4A777D0073C344 /* Sources */ = {
			isa = PBXSourcesBuildPhase;
			buildActionMask = 2147483647;
			files = (
				2C568B961F4A777D0073C344 /* RuntimeTests.m in Sources */,
			);
			runOnlyForDeploymentPostprocessing = 0;
		};
		2C568B981F4A777D0073C344 /* Sources */ = {
			isa = PBXSourcesBuildPhase;
			buildActionMask = 2147483647;
			files = (
				2C568BA11F4A777D0073C344 /* RuntimeUITests.m in Sources */,
			);
			runOnlyForDeploymentPostprocessing = 0;
		};
/* End PBXSourcesBuildPhase section */

/* Begin PBXTargetDependency section */
		2C568B931F4A777D0073C344 /* PBXTargetDependency */ = {
			isa = PBXTargetDependency;
			target = 2C568B771F4A777C0073C344 /* Runtime */;
			targetProxy = 2C568B921F4A777D0073C344 /* PBXContainerItemProxy */;
		};
		2C568B9E1F4A777D0073C344 /* PBXTargetDependency */ = {
			isa = PBXTargetDependency;
			target = 2C568B771F4A777C0073C344 /* Runtime */;
			targetProxy = 2C568B9D1F4A777D0073C344 /* PBXContainerItemProxy */;
		};
/* End PBXTargetDependency section */

/* Begin PBXVariantGroup section */
		2C568B841F4A777C0073C344 /* Main.storyboard */ = {
			isa = PBXVariantGroup;
			children = (
				2C568B851F4A777C0073C344 /* Base */,
			);
			name = Main.storyboard;
			sourceTree = "<group>";
		};
		2C568B891F4A777C0073C344 /* LaunchScreen.storyboard */ = {
			isa = PBXVariantGroup;
			children = (
				2C568B8A1F4A777C0073C344 /* Base */,
			);
			name = LaunchScreen.storyboard;
			sourceTree = "<group>";
		};
/* End PBXVariantGroup section */

/* Begin XCBuildConfiguration section */
		2C568BA31F4A777D0073C344 /* Debug */ = {
			isa = XCBuildConfiguration;
			buildSettings = {
				ALWAYS_SEARCH_USER_PATHS = NO;
				CLANG_ANALYZER_NONNULL = YES;
				CLANG_CXX_LANGUAGE_STANDARD = "gnu++0x";
				CLANG_CXX_LIBRARY = "libc++";
				CLANG_ENABLE_MODULES = YES;
				CLANG_ENABLE_OBJC_ARC = YES;
				CLANG_WARN_BOOL_CONVERSION = YES;
				CLANG_WARN_CONSTANT_CONVERSION = YES;
				CLANG_WARN_DIRECT_OBJC_ISA_USAGE = YES_ERROR;
				CLANG_WARN_DOCUMENTATION_COMMENTS = YES;
				CLANG_WARN_EMPTY_BODY = YES;
				CLANG_WARN_ENUM_CONVERSION = YES;
				CLANG_WARN_INFINITE_RECURSION = YES;
				CLANG_WARN_INT_CONVERSION = YES;
				CLANG_WARN_OBJC_ROOT_CLASS = YES_ERROR;
				CLANG_WARN_SUSPICIOUS_MOVE = YES;
				CLANG_WARN_UNREACHABLE_CODE = YES;
				CLANG_WARN__DUPLICATE_METHOD_MATCH = YES;
				"CODE_SIGN_IDENTITY[sdk=iphoneos*]" = "iPhone Developer";
				COPY_PHASE_STRIP = NO;
				DEBUG_INFORMATION_FORMAT = dwarf;
				ENABLE_STRICT_OBJC_MSGSEND = YES;
				ENABLE_TESTABILITY = YES;
				GCC_C_LANGUAGE_STANDARD = gnu99;
				GCC_DYNAMIC_NO_PIC = NO;
				GCC_NO_COMMON_BLOCKS = YES;
				GCC_OPTIMIZATION_LEVEL = 0;
				GCC_PREPROCESSOR_DEFINITIONS = (
					"DEBUG=1",
					"$(inherited)",
				);
				GCC_WARN_64_TO_32_BIT_CONVERSION = YES;
				GCC_WARN_ABOUT_RETURN_TYPE = YES_ERROR;
				GCC_WARN_UNDECLARED_SELECTOR = YES;
				GCC_WARN_UNINITIALIZED_AUTOS = YES_AGGRESSIVE;
				GCC_WARN_UNUSED_FUNCTION = YES;
				GCC_WARN_UNUSED_VARIABLE = YES;
				IPHONEOS_DEPLOYMENT_TARGET = 10.2;
				MTL_ENABLE_DEBUG_INFO = YES;
				ONLY_ACTIVE_ARCH = YES;
				SDKROOT = iphoneos;
				TARGETED_DEVICE_FAMILY = "1,2";
			};
			name = Debug;
		};
		2C568BA41F4A777D0073C344 /* Release */ = {
			isa = XCBuildConfiguration;
			buildSettings = {
				ALWAYS_SEARCH_USER_PATHS = NO;
				CLANG_ANALYZER_NONNULL = YES;
				CLANG_CXX_LANGUAGE_STANDARD = "gnu++0x";
				CLANG_CXX_LIBRARY = "libc++";
				CLANG_ENABLE_MODULES = YES;
				CLANG_ENABLE_OBJC_ARC = YES;
				CLANG_WARN_BOOL_CONVERSION = YES;
				CLANG_WARN_CONSTANT_CONVERSION = YES;
				CLANG_WARN_DIRECT_OBJC_ISA_USAGE = YES_ERROR;
				CLANG_WARN_DOCUMENTATION_COMMENTS = YES;
				CLANG_WARN_EMPTY_BODY = YES;
				CLANG_WARN_ENUM_CONVERSION = YES;
				CLANG_WARN_INFINITE_RECURSION = YES;
				CLANG_WARN_INT_CONVERSION = YES;
				CLANG_WARN_OBJC_ROOT_CLASS = YES_ERROR;
				CLANG_WARN_SUSPICIOUS_MOVE = YES;
				CLANG_WARN_UNREACHABLE_CODE = YES;
				CLANG_WARN__DUPLICATE_METHOD_MATCH = YES;
				"CODE_SIGN_IDENTITY[sdk=iphoneos*]" = "iPhone Developer";
				COPY_PHASE_STRIP = NO;
				DEBUG_INFORMATION_FORMAT = "dwarf-with-dsym";
				ENABLE_NS_ASSERTIONS = NO;
				ENABLE_STRICT_OBJC_MSGSEND = YES;
				GCC_C_LANGUAGE_STANDARD = gnu99;
				GCC_NO_COMMON_BLOCKS = YES;
				GCC_WARN_64_TO_32_BIT_CONVERSION = YES;
				GCC_WARN_ABOUT_RETURN_TYPE = YES_ERROR;
				GCC_WARN_UNDECLARED_SELECTOR = YES;
				GCC_WARN_UNINITIALIZED_AUTOS = YES_AGGRESSIVE;
				GCC_WARN_UNUSED_FUNCTION = YES;
				GCC_WARN_UNUSED_VARIABLE = YES;
				IPHONEOS_DEPLOYMENT_TARGET = 10.2;
				MTL_ENABLE_DEBUG_INFO = NO;
				SDKROOT = iphoneos;
				TARGETED_DEVICE_FAMILY = "1,2";
				VALIDATE_PRODUCT = YES;
			};
			name = Release;
		};
		2C568BA61F4A777D0073C344 /* Debug */ = {
			isa = XCBuildConfiguration;
			buildSettings = {
				ASSETCATALOG_COMPILER_APPICON_NAME = AppIcon;
				INFOPLIST_FILE = Runtime/Info.plist;
				LD_RUNPATH_SEARCH_PATHS = "$(inherited) @executable_path/Frameworks";
				PRODUCT_BUNDLE_IDENTIFIER = JXW.Runtime;
				PRODUCT_NAME = "$(TARGET_NAME)";
			};
			name = Debug;
		};
		2C568BA71F4A777D0073C344 /* Release */ = {
			isa = XCBuildConfiguration;
			buildSettings = {
				ASSETCATALOG_COMPILER_APPICON_NAME = AppIcon;
				INFOPLIST_FILE = Runtime/Info.plist;
				LD_RUNPATH_SEARCH_PATHS = "$(inherited) @executable_path/Frameworks";
				PRODUCT_BUNDLE_IDENTIFIER = JXW.Runtime;
				PRODUCT_NAME = "$(TARGET_NAME)";
			};
			name = Release;
		};
		2C568BA91F4A777D0073C344 /* Debug */ = {
			isa = XCBuildConfiguration;
			buildSettings = {
				BUNDLE_LOADER = "$(TEST_HOST)";
				INFOPLIST_FILE = RuntimeTests/Info.plist;
				LD_RUNPATH_SEARCH_PATHS = "$(inherited) @executable_path/Frameworks @loader_path/Frameworks";
				PRODUCT_BUNDLE_IDENTIFIER = JXW.RuntimeTests;
				PRODUCT_NAME = "$(TARGET_NAME)";
				TEST_HOST = "$(BUILT_PRODUCTS_DIR)/Runtime.app/Runtime";
			};
			name = Debug;
		};
		2C568BAA1F4A777D0073C344 /* Release */ = {
			isa = XCBuildConfiguration;
			buildSettings = {
				BUNDLE_LOADER = "$(TEST_HOST)";
				INFOPLIST_FILE = RuntimeTests/Info.plist;
				LD_RUNPATH_SEARCH_PATHS = "$(inherited) @executable_path/Frameworks @loader_path/Frameworks";
				PRODUCT_BUNDLE_IDENTIFIER = JXW.RuntimeTests;
				PRODUCT_NAME = "$(TARGET_NAME)";
				TEST_HOST = "$(BUILT_PRODUCTS_DIR)/Runtime.app/Runtime";
			};
			name = Release;
		};
		2C568BAC1F4A777D0073C344 /* Debug */ = {
			isa = XCBuildConfiguration;
			buildSettings = {
				INFOPLIST_FILE = RuntimeUITests/Info.plist;
				LD_RUNPATH_SEARCH_PATHS = "$(inherited) @executable_path/Frameworks @loader_path/Frameworks";
				PRODUCT_BUNDLE_IDENTIFIER = JXW.RuntimeUITests;
				PRODUCT_NAME = "$(TARGET_NAME)";
				TEST_TARGET_NAME = Runtime;
			};
			name = Debug;
		};
		2C568BAD1F4A777D0073C344 /* Release */ = {
			isa = XCBuildConfiguration;
			buildSettings = {
				INFOPLIST_FILE = RuntimeUITests/Info.plist;
				LD_RUNPATH_SEARCH_PATHS = "$(inherited) @executable_path/Frameworks @loader_path/Frameworks";
				PRODUCT_BUNDLE_IDENTIFIER = JXW.RuntimeUITests;
				PRODUCT_NAME = "$(TARGET_NAME)";
				TEST_TARGET_NAME = Runtime;
			};
			name = Release;
		};
/* End XCBuildConfiguration section */

/* Begin XCConfigurationList section */
		2C568B731F4A777C0073C344 /* Build configuration list for PBXProject "Runtime" */ = {
			isa = XCConfigurationList;
			buildConfigurations = (
				2C568BA31F4A777D0073C344 /* Debug */,
				2C568BA41F4A777D0073C344 /* Release */,
			);
			defaultConfigurationIsVisible = 0;
			defaultConfigurationName = Release;
		};
		2C568BA51F4A777D0073C344 /* Build configuration list for PBXNativeTarget "Runtime" */ = {
			isa = XCConfigurationList;
			buildConfigurations = (
				2C568BA61F4A777D0073C344 /* Debug */,
				2C568BA71F4A777D0073C344 /* Release */,
			);
			defaultConfigurationIsVisible = 0;
		};
		2C568BA81F4A777D0073C344 /* Build configuration list for PBXNativeTarget "RuntimeTests" */ = {
			isa = XCConfigurationList;
			buildConfigurations = (
				2C568BA91F4A777D0073C344 /* Debug */,
				2C568BAA1F4A777D0073C344 /* Release */,
			);
			defaultConfigurationIsVisible = 0;
		};
		2C568BAB1F4A777D0073C344 /* Build configuration list for PBXNativeTarget "RuntimeUITests" */ = {
			isa = XCConfigurationList;
			buildConfigurations = (
				2C568BAC1F4A777D0073C344 /* Debug */,
				2C568BAD1F4A777D0073C344 /* Release */,
			);
			defaultConfigurationIsVisible = 0;
		};
/* End XCConfigurationList section */
	};
	rootObject = 2C568B701F4A777C0073C344 /* Project object */;
}
